// !$*UTF8*$!
{
	archiveVersion = 1;
	classes = {
	};
	objectVersion = 50;
	objects = {

/* Begin PBXBuildFile section */
		18768A8C22E12B2200243771 /* WebKit.framework in Frameworks */ = {isa = PBXBuildFile; fileRef = 18768A8B22E12B2200243771 /* WebKit.framework */; };
		18768A8E22E12BC300243771 /* WalkViewController.swift in Sources */ = {isa = PBXBuildFile; fileRef = 18768A8D22E12BC300243771 /* WalkViewController.swift */; };
		18768A9022E1372900243771 /* BreatheViewController.swift in Sources */ = {isa = PBXBuildFile; fileRef = 18768A8F22E1372900243771 /* BreatheViewController.swift */; };
		18768A9222E1398700243771 /* YogaViewController.swift in Sources */ = {isa = PBXBuildFile; fileRef = 18768A9122E1398700243771 /* YogaViewController.swift */; };
		18768A9422E21BF200243771 /* FoodViewController.swift in Sources */ = {isa = PBXBuildFile; fileRef = 18768A9322E21BF200243771 /* FoodViewController.swift */; };
		18768A9622E21F3F00243771 /* SleepViewController.swift in Sources */ = {isa = PBXBuildFile; fileRef = 18768A9522E21F3F00243771 /* SleepViewController.swift */; };
		18768A9822E224F100243771 /* rain-01.mp3 in Resources */ = {isa = PBXBuildFile; fileRef = 18768A9722E224F100243771 /* rain-01.mp3 */; };
		18768A9A22E2250800243771 /* Rainforest-sounds.mp3 in Resources */ = {isa = PBXBuildFile; fileRef = 18768A9922E2250800243771 /* Rainforest-sounds.mp3 */; };
		18768A9C22E2251200243771 /* Waves-mp3.mp3 in Resources */ = {isa = PBXBuildFile; fileRef = 18768A9B22E2251200243771 /* Waves-mp3.mp3 */; };
		18768A9E22E227CA00243771 /* ResourcesViewController.swift in Sources */ = {isa = PBXBuildFile; fileRef = 18768A9D22E227CA00243771 /* ResourcesViewController.swift */; };
		1889255822DF972E00EDEC6C /* AppDelegate.swift in Sources */ = {isa = PBXBuildFile; fileRef = 1889255722DF972E00EDEC6C /* AppDelegate.swift */; };
		1889255A22DF972E00EDEC6C /* ViewController.swift in Sources */ = {isa = PBXBuildFile; fileRef = 1889255922DF972E00EDEC6C /* ViewController.swift */; };
		1889255D22DF972E00EDEC6C /* Main.storyboard in Resources */ = {isa = PBXBuildFile; fileRef = 1889255B22DF972E00EDEC6C /* Main.storyboard */; };
		1889256022DF972E00EDEC6C /* seeinghoping.xcdatamodeld in Sources */ = {isa = PBXBuildFile; fileRef = 1889255E22DF972E00EDEC6C /* seeinghoping.xcdatamodeld */; };
		1889256222DF972F00EDEC6C /* Assets.xcassets in Resources */ = {isa = PBXBuildFile; fileRef = 1889256122DF972F00EDEC6C /* Assets.xcassets */; };
		1889256522DF972F00EDEC6C /* LaunchScreen.storyboard in Resources */ = {isa = PBXBuildFile; fileRef = 1889256322DF972F00EDEC6C /* LaunchScreen.storyboard */; };
		1889256D22DFDC1A00EDEC6C /* MusicViewController.swift in Sources */ = {isa = PBXBuildFile; fileRef = 1889256C22DFDC1A00EDEC6C /* MusicViewController.swift */; };
		1889256F22E0EB3A00EDEC6C /* JokeViewController.swift in Sources */ = {isa = PBXBuildFile; fileRef = 1889256E22E0EB3A00EDEC6C /* JokeViewController.swift */; };
/* End PBXBuildFile section */

/* Begin PBXFileReference section */
		18768A8B22E12B2200243771 /* WebKit.framework */ = {isa = PBXFileReference; lastKnownFileType = wrapper.framework; name = WebKit.framework; path = System/Library/Frameworks/WebKit.framework; sourceTree = SDKROOT; };
		18768A8D22E12BC300243771 /* WalkViewController.swift */ = {isa = PBXFileReference; lastKnownFileType = sourcecode.swift; path = WalkViewController.swift; sourceTree = "<group>"; };
		18768A8F22E1372900243771 /* BreatheViewController.swift */ = {isa = PBXFileReference; lastKnownFileType = sourcecode.swift; path = BreatheViewController.swift; sourceTree = "<group>"; };
		18768A9122E1398700243771 /* YogaViewController.swift */ = {isa = PBXFileReference; lastKnownFileType = sourcecode.swift; path = YogaViewController.swift; sourceTree = "<group>"; };
		18768A9322E21BF200243771 /* FoodViewController.swift */ = {isa = PBXFileReference; lastKnownFileType = sourcecode.swift; path = FoodViewController.swift; sourceTree = "<group>"; };
		18768A9522E21F3F00243771 /* SleepViewController.swift */ = {isa = PBXFileReference; lastKnownFileType = sourcecode.swift; path = SleepViewController.swift; sourceTree = "<group>"; };
		18768A9722E224F100243771 /* rain-01.mp3 */ = {isa = PBXFileReference; lastKnownFileType = audio.mp3; name = "rain-01.mp3"; path = "../../../../Music/rain-01/rain-01.mp3"; sourceTree = "<group>"; };
		18768A9922E2250800243771 /* Rainforest-sounds.mp3 */ = {isa = PBXFileReference; lastKnownFileType = audio.mp3; name = "Rainforest-sounds.mp3"; path = "../../../../Music/Rainforest-sounds/Rainforest-sounds.mp3"; sourceTree = "<group>"; };
		18768A9B22E2251200243771 /* Waves-mp3.mp3 */ = {isa = PBXFileReference; lastKnownFileType = audio.mp3; name = "Waves-mp3.mp3"; path = "../../../../Music/Waves-mp3/Waves-mp3.mp3"; sourceTree = "<group>"; };
		18768A9D22E227CA00243771 /* ResourcesViewController.swift */ = {isa = PBXFileReference; lastKnownFileType = sourcecode.swift; path = ResourcesViewController.swift; sourceTree = "<group>"; };
		1889255422DF972E00EDEC6C /* seeinghoping.app */ = {isa = PBXFileReference; explicitFileType = wrapper.application; includeInIndex = 0; path = seeinghoping.app; sourceTree = BUILT_PRODUCTS_DIR; };
		1889255722DF972E00EDEC6C /* AppDelegate.swift */ = {isa = PBXFileReference; lastKnownFileType = sourcecode.swift; path = AppDelegate.swift; sourceTree = "<group>"; };
		1889255922DF972E00EDEC6C /* ViewController.swift */ = {isa = PBXFileReference; lastKnownFileType = sourcecode.swift; path = ViewController.swift; sourceTree = "<group>"; };
		1889255C22DF972E00EDEC6C /* Base */ = {isa = PBXFileReference; lastKnownFileType = file.storyboard; name = Base; path = Base.lproj/Main.storyboard; sourceTree = "<group>"; };
		1889255F22DF972E00EDEC6C /* seeinghoping.xcdatamodel */ = {isa = PBXFileReference; lastKnownFileType = wrapper.xcdatamodel; path = seeinghoping.xcdatamodel; sourceTree = "<group>"; };
		1889256122DF972F00EDEC6C /* Assets.xcassets */ = {isa = PBXFileReference; lastKnownFileType = folder.assetcatalog; path = Assets.xcassets; sourceTree = "<group>"; };
		1889256422DF972F00EDEC6C /* Base */ = {isa = PBXFileReference; lastKnownFileType = file.storyboard; name = Base; path = Base.lproj/LaunchScreen.storyboard; sourceTree = "<group>"; };
		1889256622DF972F00EDEC6C /* Info.plist */ = {isa = PBXFileReference; lastKnownFileType = text.plist.xml; path = Info.plist; sourceTree = "<group>"; };
		1889256C22DFDC1A00EDEC6C /* MusicViewController.swift */ = {isa = PBXFileReference; lastKnownFileType = sourcecode.swift; path = MusicViewController.swift; sourceTree = "<group>"; };
		1889256E22E0EB3A00EDEC6C /* JokeViewController.swift */ = {isa = PBXFileReference; lastKnownFileType = sourcecode.swift; path = JokeViewController.swift; sourceTree = "<group>"; };
/* End PBXFileReference section */

/* Begin PBXFrameworksBuildPhase section */
		1889255122DF972E00EDEC6C /* Frameworks */ = {
			isa = PBXFrameworksBuildPhase;
			buildActionMask = 2147483647;
			files = (
				18768A8C22E12B2200243771 /* WebKit.framework in Frameworks */,
			);
			runOnlyForDeploymentPostprocessing = 0;
		};
/* End PBXFrameworksBuildPhase section */

/* Begin PBXGroup section */
		18768A8A22E12B2200243771 /* Frameworks */ = {
			isa = PBXGroup;
			children = (
				18768A8B22E12B2200243771 /* WebKit.framework */,
			);
			name = Frameworks;
			sourceTree = "<group>";
		};
		1889254B22DF972E00EDEC6C = {
			isa = PBXGroup;
			children = (
				1889255622DF972E00EDEC6C /* seeinghoping */,
				1889255522DF972E00EDEC6C /* Products */,
				18768A8A22E12B2200243771 /* Frameworks */,
			);
			sourceTree = "<group>";
		};
		1889255522DF972E00EDEC6C /* Products */ = {
			isa = PBXGroup;
			children = (
				1889255422DF972E00EDEC6C /* seeinghoping.app */,
			);
			name = Products;
			sourceTree = "<group>";
		};
		1889255622DF972E00EDEC6C /* seeinghoping */ = {
			isa = PBXGroup;
			children = (
				1889255722DF972E00EDEC6C /* AppDelegate.swift */,
				1889255922DF972E00EDEC6C /* ViewController.swift */,
				1889255B22DF972E00EDEC6C /* Main.storyboard */,
				18768A9D22E227CA00243771 /* ResourcesViewController.swift */,
				18768A9522E21F3F00243771 /* SleepViewController.swift */,
				18768A9322E21BF200243771 /* FoodViewController.swift */,
				18768A8D22E12BC300243771 /* WalkViewController.swift */,
				18768A8F22E1372900243771 /* BreatheViewController.swift */,
				18768A9122E1398700243771 /* YogaViewController.swift */,
				1889256E22E0EB3A00EDEC6C /* JokeViewController.swift */,
				1889256C22DFDC1A00EDEC6C /* MusicViewController.swift */,
				1889256122DF972F00EDEC6C /* Assets.xcassets */,
				1889256322DF972F00EDEC6C /* LaunchScreen.storyboard */,
				18768A9722E224F100243771 /* rain-01.mp3 */,
				18768A9922E2250800243771 /* Rainforest-sounds.mp3 */,
				18768A9B22E2251200243771 /* Waves-mp3.mp3 */,
				1889256622DF972F00EDEC6C /* Info.plist */,
				1889255E22DF972E00EDEC6C /* seeinghoping.xcdatamodeld */,
			);
			path = seeinghoping;
			sourceTree = "<group>";
		};
/* End PBXGroup section */

/* Begin PBXNativeTarget section */
		1889255322DF972E00EDEC6C /* seeinghoping */ = {
			isa = PBXNativeTarget;
			buildConfigurationList = 1889256922DF972F00EDEC6C /* Build configuration list for PBXNativeTarget "seeinghoping" */;
			buildPhases = (
				1889255022DF972E00EDEC6C /* Sources */,
				1889255122DF972E00EDEC6C /* Frameworks */,
				1889255222DF972E00EDEC6C /* Resources */,
			);
			buildRules = (
			);
			dependencies = (
			);
			name = seeinghoping;
			productName = seeinghoping;
			productReference = 1889255422DF972E00EDEC6C /* seeinghoping.app */;
			productType = "com.apple.product-type.application";
		};
/* End PBXNativeTarget section */

/* Begin PBXProject section */
		1889254C22DF972E00EDEC6C /* Project object */ = {
			isa = PBXProject;
			attributes = {
				LastSwiftUpdateCheck = 1020;
				LastUpgradeCheck = 1020;
				ORGANIZATIONNAME = Apple;
				TargetAttributes = {
					1889255322DF972E00EDEC6C = {
						CreatedOnToolsVersion = 10.2.1;
					};
				};
			};
			buildConfigurationList = 1889254F22DF972E00EDEC6C /* Build configuration list for PBXProject "seeinghoping" */;
			compatibilityVersion = "Xcode 9.3";
			developmentRegion = en;
			hasScannedForEncodings = 0;
			knownRegions = (
				en,
				Base,
			);
			mainGroup = 1889254B22DF972E00EDEC6C;
			productRefGroup = 1889255522DF972E00EDEC6C /* Products */;
			projectDirPath = "";
			projectRoot = "";
			targets = (
				1889255322DF972E00EDEC6C /* seeinghoping */,
			);
		};
/* End PBXProject section */

/* Begin PBXResourcesBuildPhase section */
		1889255222DF972E00EDEC6C /* Resources */ = {
			isa = PBXResourcesBuildPhase;
			buildActionMask = 2147483647;
			files = (
				1889256522DF972F00EDEC6C /* LaunchScreen.storyboard in Resources */,
				18768A9822E224F100243771 /* rain-01.mp3 in Resources */,
				1889256222DF972F00EDEC6C /* Assets.xcassets in Resources */,
				1889255D22DF972E00EDEC6C /* Main.storyboard in Resources */,
				18768A9C22E2251200243771 /* Waves-mp3.mp3 in Resources */,
				18768A9A22E2250800243771 /* Rainforest-sounds.mp3 in Resources */,
			);
			runOnlyForDeploymentPostprocessing = 0;
		};
/* End PBXResourcesBuildPhase section */

/* Begin PBXSourcesBuildPhase section */
		1889255022DF972E00EDEC6C /* Sources */ = {
			isa = PBXSourcesBuildPhase;
			buildActionMask = 2147483647;
			files = (
				18768A9E22E227CA00243771 /* ResourcesViewController.swift in Sources */,
				1889256F22E0EB3A00EDEC6C /* JokeViewController.swift in Sources */,
				1889256D22DFDC1A00EDEC6C /* MusicViewController.swift in Sources */,
				18768A9622E21F3F00243771 /* SleepViewController.swift in Sources */,
				18768A9222E1398700243771 /* YogaViewController.swift in Sources */,
				1889256022DF972E00EDEC6C /* seeinghoping.xcdatamodeld in Sources */,
				18768A9422E21BF200243771 /* FoodViewController.swift in Sources */,
				1889255A22DF972E00EDEC6C /* ViewController.swift in Sources */,
				1889255822DF972E00EDEC6C /* AppDelegate.swift in Sources */,
				18768A9022E1372900243771 /* BreatheViewController.swift in Sources */,
				18768A8E22E12BC300243771 /* WalkViewController.swift in Sources */,
			);
			runOnlyForDeploymentPostprocessing = 0;
		};
/* End PBXSourcesBuildPhase section */

/* Begin PBXVariantGroup section */
		1889255B22DF972E00EDEC6C /* Main.storyboard */ = {
			isa = PBXVariantGroup;
			children = (
				1889255C22DF972E00EDEC6C /* Base */,
			);
			name = Main.storyboard;
			sourceTree = "<group>";
		};
		1889256322DF972F00EDEC6C /* LaunchScreen.storyboard */ = {
			isa = PBXVariantGroup;
			children = (
				1889256422DF972F00EDEC6C /* Base */,
			);
			name = LaunchScreen.storyboard;
			sourceTree = "<group>";
		};
/* End PBXVariantGroup section */

/* Begin XCBuildConfiguration section */
		1889256722DF972F00EDEC6C /* Debug */ = {
			isa = XCBuildConfiguration;
			buildSettings = {
				ALWAYS_SEARCH_USER_PATHS = NO;
				CLANG_ANALYZER_NONNULL = YES;
				CLANG_ANALYZER_NUMBER_OBJECT_CONVERSION = YES_AGGRESSIVE;
				CLANG_CXX_LANGUAGE_STANDARD = "gnu++14";
				CLANG_CXX_LIBRARY = "libc++";
				CLANG_ENABLE_MODULES = YES;
				CLANG_ENABLE_OBJC_ARC = YES;
				CLANG_ENABLE_OBJC_WEAK = YES;
				CLANG_WARN_BLOCK_CAPTURE_AUTORELEASING = YES;
				CLANG_WARN_BOOL_CONVERSION = YES;
				CLANG_WARN_COMMA = YES;
				CLANG_WARN_CONSTANT_CONVERSION = YES;
				CLANG_WARN_DEPRECATED_OBJC_IMPLEMENTATIONS = YES;
				CLANG_WARN_DIRECT_OBJC_ISA_USAGE = YES_ERROR;
				CLANG_WARN_DOCUMENTATION_COMMENTS = YES;
				CLANG_WARN_EMPTY_BODY = YES;
				CLANG_WARN_ENUM_CONVERSION = YES;
				CLANG_WARN_INFINITE_RECURSION = YES;
				CLANG_WARN_INT_CONVERSION = YES;
				CLANG_WARN_NON_LITERAL_NULL_CONVERSION = YES;
				CLANG_WARN_OBJC_IMPLICIT_RETAIN_SELF = YES;
				CLANG_WARN_OBJC_LITERAL_CONVERSION = YES;
				CLANG_WARN_OBJC_ROOT_CLASS = YES_ERROR;
				CLANG_WARN_RANGE_LOOP_ANALYSIS = YES;
				CLANG_WARN_STRICT_PROTOTYPES = YES;
				CLANG_WARN_SUSPICIOUS_MOVE = YES;
				CLANG_WARN_UNGUARDED_AVAILABILITY = YES_AGGRESSIVE;
				CLANG_WARN_UNREACHABLE_CODE = YES;
				CLANG_WARN__DUPLICATE_METHOD_MATCH = YES;
				CODE_SIGN_IDENTITY = "iPhone Developer";
				COPY_PHASE_STRIP = NO;
				DEBUG_INFORMATION_FORMAT = dwarf;
				ENABLE_STRICT_OBJC_MSGSEND = YES;
				ENABLE_TESTABILITY = YES;
				GCC_C_LANGUAGE_STANDARD = gnu11;
				GCC_DYNAMIC_NO_PIC = NO;
				GCC_NO_COMMON_BLOCKS = YES;
				GCC_OPTIMIZATION_LEVEL = 0;
				GCC_PREPROCESSOR_DEFINITIONS = (
					"DEBUG=1",
					"$(inherited)",
				);
				GCC_WARN_64_TO_32_BIT_CONVERSION = YES;
				GCC_WARN_ABOUT_RETURN_TYPE = YES_ERROR;
				GCC_WARN_UNDECLARED_SELECTOR = YES;
				GCC_WARN_UNINITIALIZED_AUTOS = YES_AGGRESSIVE;
				GCC_WARN_UNUSED_FUNCTION = YES;
				GCC_WARN_UNUSED_VARIABLE = YES;
				IPHONEOS_DEPLOYMENT_TARGET = 12.2;
				MTL_ENABLE_DEBUG_INFO = INCLUDE_SOURCE;
				MTL_FAST_MATH = YES;
				ONLY_ACTIVE_ARCH = YES;
				SDKROOT = iphoneos;
				SWIFT_ACTIVE_COMPILATION_CONDITIONS = DEBUG;
				SWIFT_OPTIMIZATION_LEVEL = "-Onone";
			};
			name = Debug;
		};
		1889256822DF972F00EDEC6C /* Release */ = {
			isa = XCBuildConfiguration;
			buildSettings = {
				ALWAYS_SEARCH_USER_PATHS = NO;
				CLANG_ANALYZER_NONNULL = YES;
				CLANG_ANALYZER_NUMBER_OBJECT_CONVERSION = YES_AGGRESSIVE;
				CLANG_CXX_LANGUAGE_STANDARD = "gnu++14";
				CLANG_CXX_LIBRARY = "libc++";
				CLANG_ENABLE_MODULES = YES;
				CLANG_ENABLE_OBJC_ARC = YES;
				CLANG_ENABLE_OBJC_WEAK = YES;
				CLANG_WARN_BLOCK_CAPTURE_AUTORELEASING = YES;
				CLANG_WARN_BOOL_CONVERSION = YES;
				CLANG_WARN_COMMA = YES;
				CLANG_WARN_CONSTANT_CONVERSION = YES;
				CLANG_WARN_DEPRECATED_OBJC_IMPLEMENTATIONS = YES;
				CLANG_WARN_DIRECT_OBJC_ISA_USAGE = YES_ERROR;
				CLANG_WARN_DOCUMENTATION_COMMENTS = YES;
				CLANG_WARN_EMPTY_BODY = YES;
				CLANG_WARN_ENUM_CONVERSION = YES;
				CLANG_WARN_INFINITE_RECURSION = YES;
				CLANG_WARN_INT_CONVERSION = YES;
				CLANG_WARN_NON_LITERAL_NULL_CONVERSION = YES;
				CLANG_WARN_OBJC_IMPLICIT_RETAIN_SELF = YES;
				CLANG_WARN_OBJC_LITERAL_CONVERSION = YES;
				CLANG_WARN_OBJC_ROOT_CLASS = YES_ERROR;
				CLANG_WARN_RANGE_LOOP_ANALYSIS = YES;
				CLANG_WARN_STRICT_PROTOTYPES = YES;
				CLANG_WARN_SUSPICIOUS_MOVE = YES;
				CLANG_WARN_UNGUARDED_AVAILABILITY = YES_AGGRESSIVE;
				CLANG_WARN_UNREACHABLE_CODE = YES;
				CLANG_WARN__DUPLICATE_METHOD_MATCH = YES;
				CODE_SIGN_IDENTITY = "iPhone Developer";
				COPY_PHASE_STRIP = NO;
				DEBUG_INFORMATION_FORMAT = "dwarf-with-dsym";
				ENABLE_NS_ASSERTIONS = NO;
				ENABLE_STRICT_OBJC_MSGSEND = YES;
				GCC_C_LANGUAGE_STANDARD = gnu11;
				GCC_NO_COMMON_BLOCKS = YES;
				GCC_WARN_64_TO_32_BIT_CONVERSION = YES;
				GCC_WARN_ABOUT_RETURN_TYPE = YES_ERROR;
				GCC_WARN_UNDECLARED_SELECTOR = YES;
				GCC_WARN_UNINITIALIZED_AUTOS = YES_AGGRESSIVE;
				GCC_WARN_UNUSED_FUNCTION = YES;
				GCC_WARN_UNUSED_VARIABLE = YES;
				IPHONEOS_DEPLOYMENT_TARGET = 12.2;
				MTL_ENABLE_DEBUG_INFO = NO;
				MTL_FAST_MATH = YES;
				SDKROOT = iphoneos;
				SWIFT_COMPILATION_MODE = wholemodule;
				SWIFT_OPTIMIZATION_LEVEL = "-O";
				VALIDATE_PRODUCT = YES;
			};
			name = Release;
		};
		1889256A22DF972F00EDEC6C /* Debug */ = {
			isa = XCBuildConfiguration;
			buildSettings = {
				ASSETCATALOG_COMPILER_APPICON_NAME = AppIcon;
				CODE_SIGN_STYLE = Automatic;
				INFOPLIST_FILE = seeinghoping/Info.plist;
				LD_RUNPATH_SEARCH_PATHS = (
					"$(inherited)",
					"@executable_path/Frameworks",
				);
				PRODUCT_BUNDLE_IDENTIFIER = AR.seeinghoping;
				PRODUCT_NAME = "$(TARGET_NAME)";
				SWIFT_VERSION = 5.0;
				TARGETED_DEVICE_FAMILY = "1,2";
			};
			name = Debug;
		};
		1889256B22DF972F00EDEC6C /* Release */ = {
			isa = XCBuildConfiguration;
			buildSettings = {
				ASSETCATALOG_COMPILER_APPICON_NAME = AppIcon;
				CODE_SIGN_STYLE = Automatic;
				INFOPLIST_FILE = seeinghoping/Info.plist;
				LD_RUNPATH_SEARCH_PATHS = (
					"$(inherited)",
					"@executable_path/Frameworks",
				);
				PRODUCT_BUNDLE_IDENTIFIER = AR.seeinghoping;
				PRODUCT_NAME = "$(TARGET_NAME)";
				SWIFT_VERSION = 5.0;
				TARGETED_DEVICE_FAMILY = "1,2";
			};
			name = Release;
		};
/* End XCBuildConfiguration section */

/* Begin XCConfigurationList section */
		1889254F22DF972E00EDEC6C /* Build configuration list for PBXProject "seeinghoping" */ = {
			isa = XCConfigurationList;
			buildConfigurations = (
				1889256722DF972F00EDEC6C /* Debug */,
				1889256822DF972F00EDEC6C /* Release */,
			);
			defaultConfigurationIsVisible = 0;
			defaultConfigurationName = Release;
		};
		1889256922DF972F00EDEC6C /* Build configuration list for PBXNativeTarget "seeinghoping" */ = {
			isa = XCConfigurationList;
			buildConfigurations = (
				1889256A22DF972F00EDEC6C /* Debug */,
				1889256B22DF972F00EDEC6C /* Release */,
			);
			defaultConfigurationIsVisible = 0;
			defaultConfigurationName = Release;
		};
/* End XCConfigurationList section */

/* Begin XCVersionGroup section */
		1889255E22DF972E00EDEC6C /* seeinghoping.xcdatamodeld */ = {
			isa = XCVersionGroup;
			children = (
				1889255F22DF972E00EDEC6C /* seeinghoping.xcdatamodel */,
			);
			currentVersion = 1889255F22DF972E00EDEC6C /* seeinghoping.xcdatamodel */;
			path = seeinghoping.xcdatamodeld;
			sourceTree = "<group>";
			versionGroupType = wrapper.xcdatamodel;
		};
/* End XCVersionGroup section */
	};
	rootObject = 1889254C22DF972E00EDEC6C /* Project object */;
}
